// !$*UTF8*$!
{
	archiveVersion = 1;
	classes = {
	};
	objectVersion = 46;
	objects = {

/* Begin PBXBuildFile section */
		96292B0F1A2C43BB0023425F /* AppDelegate.swift in Sources */ = {isa = PBXBuildFile; fileRef = 96292B0E1A2C43BB0023425F /* AppDelegate.swift */; };
		96292B111A2C43BB0023425F /* ViewController.swift in Sources */ = {isa = PBXBuildFile; fileRef = 96292B101A2C43BB0023425F /* ViewController.swift */; };
		96292B141A2C43BC0023425F /* Main.storyboard in Resources */ = {isa = PBXBuildFile; fileRef = 96292B121A2C43BC0023425F /* Main.storyboard */; };
		96292B161A2C43BC0023425F /* Images.xcassets in Resources */ = {isa = PBXBuildFile; fileRef = 96292B151A2C43BC0023425F /* Images.xcassets */; };
		96292B191A2C43BC0023425F /* LaunchScreen.xib in Resources */ = {isa = PBXBuildFile; fileRef = 96292B171A2C43BC0023425F /* LaunchScreen.xib */; };
		96292B251A2C43BC0023425F /* PostcardTests.swift in Sources */ = {isa = PBXBuildFile; fileRef = 96292B241A2C43BC0023425F /* PostcardTests.swift */; };
/* End PBXBuildFile section */

/* Begin PBXContainerItemProxy section */
		96292B1F1A2C43BC0023425F /* PBXContainerItemProxy */ = {
			isa = PBXContainerItemProxy;
			containerPortal = 96292B011A2C43BB0023425F /* Project object */;
			proxyType = 1;
			remoteGlobalIDString = 96292B081A2C43BB0023425F;
			remoteInfo = Postcard;
		};
/* End PBXContainerItemProxy section */

/* Begin PBXFileReference section */
		96292B091A2C43BB0023425F /* Postcard.app */ = {isa = PBXFileReference; explicitFileType = wrapper.application; includeInIndex = 0; path = Postcard.app; sourceTree = BUILT_PRODUCTS_DIR; };
		96292B0D1A2C43BB0023425F /* Info.plist */ = {isa = PBXFileReference; lastKnownFileType = text.plist.xml; path = Info.plist; sourceTree = "<group>"; };
		96292B0E1A2C43BB0023425F /* AppDelegate.swift */ = {isa = PBXFileReference; lastKnownFileType = sourcecode.swift; path = AppDelegate.swift; sourceTree = "<group>"; };
		96292B101A2C43BB0023425F /* ViewController.swift */ = {isa = PBXFileReference; lastKnownFileType = sourcecode.swift; path = ViewController.swift; sourceTree = "<group>"; };
		96292B131A2C43BC0023425F /* Base */ = {isa = PBXFileReference; lastKnownFileType = file.storyboard; name = Base; path = Base.lproj/Main.storyboard; sourceTree = "<group>"; };
		96292B151A2C43BC0023425F /* Images.xcassets */ = {isa = PBXFileReference; lastKnownFileType = folder.assetcatalog; path = Images.xcassets; sourceTree = "<group>"; };
		96292B181A2C43BC0023425F /* Base */ = {isa = PBXFileReference; lastKnownFileType = file.xib; name = Base; path = Base.lproj/LaunchScreen.xib; sourceTree = "<group>"; };
		96292B1E1A2C43BC0023425F /* PostcardTests.xctest */ = {isa = PBXFileReference; explicitFileType = wrapper.cfbundle; includeInIndex = 0; path = PostcardTests.xctest; sourceTree = BUILT_PRODUCTS_DIR; };
		96292B231A2C43BC0023425F /* Info.plist */ = {isa = PBXFileReference; lastKnownFileType = text.plist.xml; path = Info.plist; sourceTree = "<group>"; };
		96292B241A2C43BC0023425F /* PostcardTests.swift */ = {isa = PBXFileReference; lastKnownFileType = sourcecode.swift; path = PostcardTests.swift; sourceTree = "<group>"; };
/* End PBXFileReference section */

/* Begin PBXFrameworksBuildPhase section */
		96292B061A2C43BB0023425F /* Frameworks */ = {
			isa = PBXFrameworksBuildPhase;
			buildActionMask = 2147483647;
			files = (
			);
			runOnlyForDeploymentPostprocessing = 0;
		};
		96292B1B1A2C43BC0023425F /* Frameworks */ = {
			isa = PBXFrameworksBuildPhase;
			buildActionMask = 2147483647;
			files = (
			);
			runOnlyForDeploymentPostprocessing = 0;
		};
/* End PBXFrameworksBuildPhase section */

/* Begin PBXGroup section */
		96292B001A2C43BB0023425F = {
			isa = PBXGroup;
			children = (
				96292B0B1A2C43BB0023425F /* Postcard */,
				96292B211A2C43BC0023425F /* PostcardTests */,
				96292B0A1A2C43BB0023425F /* Products */,
			);
			sourceTree = "<group>";
		};
		96292B0A1A2C43BB0023425F /* Products */ = {
			isa = PBXGroup;
			children = (
				96292B091A2C43BB0023425F /* Postcard.app */,
				96292B1E1A2C43BC0023425F /* PostcardTests.xctest */,
			);
			name = Products;
			sourceTree = "<group>";
		};
		96292B0B1A2C43BB0023425F /* Postcard */ = {
			isa = PBXGroup;
			children = (
				96292B0E1A2C43BB0023425F /* AppDelegate.swift */,
				96292B101A2C43BB0023425F /* ViewController.swift */,
				96292B121A2C43BC0023425F /* Main.storyboard */,
				96292B151A2C43BC0023425F /* Images.xcassets */,
				96292B171A2C43BC0023425F /* LaunchScreen.xib */,
				96292B0C1A2C43BB0023425F /* Supporting Files */,
			);
			path = Postcard;
			sourceTree = "<group>";
		};
		96292B0C1A2C43BB0023425F /* Supporting Files */ = {
			isa = PBXGroup;
			children = (
				96292B0D1A2C43BB0023425F /* Info.plist */,
			);
			name = "Supporting Files";
			sourceTree = "<group>";
		};
		96292B211A2C43BC0023425F /* PostcardTests */ = {
			isa = PBXGroup;
			children = (
				96292B241A2C43BC0023425F /* PostcardTests.swift */,
				96292B221A2C43BC0023425F /* Supporting Files */,
			);
			path = PostcardTests;
			sourceTree = "<group>";
		};
		96292B221A2C43BC0023425F /* Supporting Files */ = {
			isa = PBXGroup;
			children = (
				96292B231A2C43BC0023425F /* Info.plist */,
			);
			name = "Supporting Files";
			sourceTree = "<group>";
		};
/* End PBXGroup section */

/* Begin PBXNativeTarget section */
		96292B081A2C43BB0023425F /* Postcard */ = {
			isa = PBXNativeTarget;
			buildConfigurationList = 96292B281A2C43BC0023425F /* Build configuration list for PBXNativeTarget "Postcard" */;
			buildPhases = (
				96292B051A2C43BB0023425F /* Sources */,
				96292B061A2C43BB0023425F /* Frameworks */,
				96292B071A2C43BB0023425F /* Resources */,
			);
			buildRules = (
			);
			dependencies = (
			);
			name = Postcard;
			productName = Postcard;
			productReference = 96292B091A2C43BB0023425F /* Postcard.app */;
			productType = "com.apple.product-type.application";
		};
		96292B1D1A2C43BC0023425F /* PostcardTests */ = {
			isa = PBXNativeTarget;
			buildConfigurationList = 96292B2B1A2C43BC0023425F /* Build configuration list for PBXNativeTarget "PostcardTests" */;
			buildPhases = (
				96292B1A1A2C43BC0023425F /* Sources */,
				96292B1B1A2C43BC0023425F /* Frameworks */,
				96292B1C1A2C43BC0023425F /* Resources */,
			);
			buildRules = (
			);
			dependencies = (
				96292B201A2C43BC0023425F /* PBXTargetDependency */,
			);
			name = PostcardTests;
			productName = PostcardTests;
			productReference = 96292B1E1A2C43BC0023425F /* PostcardTests.xctest */;
			productType = "com.apple.product-type.bundle.unit-test";
		};
/* End PBXNativeTarget section */

/* Begin PBXProject section */
		96292B011A2C43BB0023425F /* Project object */ = {
			isa = PBXProject;
			attributes = {
				LastUpgradeCheck = 0610;
				ORGANIZATIONNAME = "Ying Qi Yeoh";
				TargetAttributes = {
					96292B081A2C43BB0023425F = {
						CreatedOnToolsVersion = 6.1;
					};
					96292B1D1A2C43BC0023425F = {
						CreatedOnToolsVersion = 6.1;
						TestTargetID = 96292B081A2C43BB0023425F;
					};
				};
			};
			buildConfigurationList = 96292B041A2C43BB0023425F /* Build configuration list for PBXProject "Postcard" */;
			compatibilityVersion = "Xcode 3.2";
			developmentRegion = English;
			hasScannedForEncodings = 0;
			knownRegions = (
				en,
				Base,
			);
			mainGroup = 96292B001A2C43BB0023425F;
			productRefGroup = 96292B0A1A2C43BB0023425F /* Products */;
			projectDirPath = "";
			projectRoot = "";
			targets = (
				96292B081A2C43BB0023425F /* Postcard */,
				96292B1D1A2C43BC0023425F /* PostcardTests */,
			);
		};
/* End PBXProject section */

/* Begin PBXResourcesBuildPhase section */
		96292B071A2C43BB0023425F /* Resources */ = {
			isa = PBXResourcesBuildPhase;
			buildActionMask = 2147483647;
			files = (
				96292B141A2C43BC0023425F /* Main.storyboard in Resources */,
				96292B191A2C43BC0023425F /* LaunchScreen.xib in Resources */,
				96292B161A2C43BC0023425F /* Images.xcassets in Resources */,
			);
			runOnlyForDeploymentPostprocessing = 0;
		};
		96292B1C1A2C43BC0023425F /* Resources */ = {
			isa = PBXResourcesBuildPhase;
			buildActionMask = 2147483647;
			files = (
			);
			runOnlyForDeploymentPostprocessing = 0;
		};
/* End PBXResourcesBuildPhase section */

/* Begin PBXSourcesBuildPhase section */
		96292B051A2C43BB0023425F /* Sources */ = {
			isa = PBXSourcesBuildPhase;
			buildActionMask = 2147483647;
			files = (
				96292B111A2C43BB0023425F /* ViewController.swift in Sources */,
				96292B0F1A2C43BB0023425F /* AppDelegate.swift in Sources */,
			);
			runOnlyForDeploymentPostprocessing = 0;
		};
		96292B1A1A2C43BC0023425F /* Sources */ = {
			isa = PBXSourcesBuildPhase;
			buildActionMask = 2147483647;
			files = (
				96292B251A2C43BC0023425F /* PostcardTests.swift in Sources */,
			);
			runOnlyForDeploymentPostprocessing = 0;
		};
/* End PBXSourcesBuildPhase section */

/* Begin PBXTargetDependency section */
		96292B201A2C43BC0023425F /* PBXTargetDependency */ = {
			isa = PBXTargetDependency;
			target = 96292B081A2C43BB0023425F /* Postcard */;
			targetProxy = 96292B1F1A2C43BC0023425F /* PBXContainerItemProxy */;
		};
/* End PBXTargetDependency section */

/* Begin PBXVariantGroup section */
		96292B121A2C43BC0023425F /* Main.storyboard */ = {
			isa = PBXVariantGroup;
			children = (
				96292B131A2C43BC0023425F /* Base */,
			);
			name = Main.storyboard;
			sourceTree = "<group>";
		};
		96292B171A2C43BC0023425F /* LaunchScreen.xib */ = {
			isa = PBXVariantGroup;
			children = (
				96292B181A2C43BC0023425F /* Base */,
			);
			name = LaunchScreen.xib;
			sourceTree = "<group>";
		};
/* End PBXVariantGroup section */

/* Begin XCBuildConfiguration section */
		96292B261A2C43BC0023425F /* Debug */ = {
			isa = XCBuildConfiguration;
			buildSettings = {
				ALWAYS_SEARCH_USER_PATHS = NO;
				CLANG_CXX_LANGUAGE_STANDARD = "gnu++0x";
				CLANG_CXX_LIBRARY = "libc++";
				CLANG_ENABLE_MODULES = YES;
				CLANG_ENABLE_OBJC_ARC = YES;
				CLANG_WARN_BOOL_CONVERSION = YES;
				CLANG_WARN_CONSTANT_CONVERSION = YES;
				CLANG_WARN_DIRECT_OBJC_ISA_USAGE = YES_ERROR;
				CLANG_WARN_EMPTY_BODY = YES;
				CLANG_WARN_ENUM_CONVERSION = YES;
				CLANG_WARN_INT_CONVERSION = YES;
				CLANG_WARN_OBJC_ROOT_CLASS = YES_ERROR;
				CLANG_WARN_UNREACHABLE_CODE = YES;
				CLANG_WARN__DUPLICATE_METHOD_MATCH = YES;
				"CODE_SIGN_IDENTITY[sdk=iphoneos*]" = "iPhone Developer";
				COPY_PHASE_STRIP = NO;
				ENABLE_STRICT_OBJC_MSGSEND = YES;
				GCC_C_LANGUAGE_STANDARD = gnu99;
				GCC_DYNAMIC_NO_PIC = NO;
				GCC_OPTIMIZATION_LEVEL = 0;
				GCC_PREPROCESSOR_DEFINITIONS = (
					"DEBUG=1",
					"$(inherited)",
				);
				GCC_SYMBOLS_PRIVATE_EXTERN = NO;
				GCC_WARN_64_TO_32_BIT_CONVERSION = YES;
				GCC_WARN_ABOUT_RETURN_TYPE = YES_ERROR;
				GCC_WARN_UNDECLARED_SELECTOR = YES;
				GCC_WARN_UNINITIALIZED_AUTOS = YES_AGGRESSIVE;
				GCC_WARN_UNUSED_FUNCTION = YES;
				GCC_WARN_UNUSED_VARIABLE = YES;
				IPHONEOS_DEPLOYMENT_TARGET = 8.1;
				MTL_ENABLE_DEBUG_INFO = YES;
				ONLY_ACTIVE_ARCH = YES;
				SDKROOT = iphoneos;
				SWIFT_OPTIMIZATION_LEVEL = "-Onone";
			};
			name = Debug;
		};
		96292B271A2C43BC0023425F /* Release */ = {
			isa = XCBuildConfiguration;
			buildSettings = {
				ALWAYS_SEARCH_USER_PATHS = NO;
				CLANG_CXX_LANGUAGE_STANDARD = "gnu++0x";
				CLANG_CXX_LIBRARY = "libc++";
				CLANG_ENABLE_MODULES = YES;
				CLANG_ENABLE_OBJC_ARC = YES;
				CLANG_WARN_BOOL_CONVERSION = YES;
				CLANG_WARN_CONSTANT_CONVERSION = YES;
				CLANG_WARN_DIRECT_OBJC_ISA_USAGE = YES_ERROR;
				CLANG_WARN_EMPTY_BODY = YES;
				CLANG_WARN_ENUM_CONVERSION = YES;
				CLANG_WARN_INT_CONVERSION = YES;
				CLANG_WARN_OBJC_ROOT_CLASS = YES_ERROR;
				CLANG_WARN_UNREACHABLE_CODE = YES;
				CLANG_WARN__DUPLICATE_METHOD_MATCH = YES;
				"CODE_SIGN_IDENTITY[sdk=iphoneos*]" = "iPhone Developer";
				COPY_PHASE_STRIP = YES;
				ENABLE_NS_ASSERTIONS = NO;
				ENABLE_STRICT_OBJC_MSGSEND = YES;
				GCC_C_LANGUAGE_STANDARD = gnu99;
				GCC_WARN_64_TO_32_BIT_CONVERSION = YES;
				GCC_WARN_ABOUT_RETURN_TYPE = YES_ERROR;
				GCC_WARN_UNDECLARED_SELECTOR = YES;
				GCC_WARN_UNINITIALIZED_AUTOS = YES_AGGRESSIVE;
				GCC_WARN_UNUSED_FUNCTION = YES;
				GCC_WARN_UNUSED_VARIABLE = YES;
				IPHONEOS_DEPLOYMENT_TARGET = 8.1;
				MTL_ENABLE_DEBUG_INFO = NO;
				SDKROOT = iphoneos;
				VALIDATE_PRODUCT = YES;
			};
			name = Release;
		};
		96292B291A2C43BC0023425F /* Debug */ = {
			isa = XCBuildConfiguration;
			buildSettings = {
				ASSETCATALOG_COMPILER_APPICON_NAME = AppIcon;
				INFOPLIST_FILE = Postcard/Info.plist;
				LD_RUNPATH_SEARCH_PATHS = "$(inherited) @executable_path/Frameworks";
				PRODUCT_NAME = "$(TARGET_NAME)";
			};
			name = Debug;
		};
		96292B2A1A2C43BC0023425F /* Release */ = {
			isa = XCBuildConfiguration;
			buildSettings = {
				ASSETCATALOG_COMPILER_APPICON_NAME = AppIcon;
				INFOPLIST_FILE = Postcard/Info.plist;
				LD_RUNPATH_SEARCH_PATHS = "$(inherited) @executable_path/Frameworks";
				PRODUCT_NAME = "$(TARGET_NAME)";
			};
			name = Release;
		};
		96292B2C1A2C43BC0023425F /* Debug */ = {
			isa = XCBuildConfiguration;
			buildSettings = {
				BUNDLE_LOADER = "$(TEST_HOST)";
				FRAMEWORK_SEARCH_PATHS = (
					"$(SDKROOT)/Developer/Library/Frameworks",
					"$(inherited)",
				);
				GCC_PREPROCESSOR_DEFINITIONS = (
					"DEBUG=1",
					"$(inherited)",
				);
				INFOPLIST_FILE = PostcardTests/Info.plist;
				LD_RUNPATH_SEARCH_PATHS = "$(inherited) @executable_path/Frameworks @loader_path/Frameworks";
				PRODUCT_NAME = "$(TARGET_NAME)";
				TEST_HOST = "$(BUILT_PRODUCTS_DIR)/Postcard.app/Postcard";
			};
			name = Debug;
		};
		96292B2D1A2C43BC0023425F /* Release */ = {
			isa = XCBuildConfiguration;
			buildSettings = {
				BUNDLE_LOADER = "$(TEST_HOST)";
				FRAMEWORK_SEARCH_PATHS = (
					"$(SDKROOT)/Developer/Library/Frameworks",
					"$(inherited)",
				);
				INFOPLIST_FILE = PostcardTests/Info.plist;
				LD_RUNPATH_SEARCH_PATHS = "$(inherited) @executable_path/Frameworks @loader_path/Frameworks";
				PRODUCT_NAME = "$(TARGET_NAME)";
				TEST_HOST = "$(BUILT_PRODUCTS_DIR)/Postcard.app/Postcard";
			};
			name = Release;
		};
/* End XCBuildConfiguration section */

/* Begin XCConfigurationList section */
		96292B041A2C43BB0023425F /* Build configuration list for PBXProject "Postcard" */ = {
			isa = XCConfigurationList;
			buildConfigurations = (
				96292B261A2C43BC0023425F /* Debug */,
				96292B271A2C43BC0023425F /* Release */,
			);
			defaultConfigurationIsVisible = 0;
			defaultConfigurationName = Release;
		};
		96292B281A2C43BC0023425F /* Build configuration list for PBXNativeTarget "Postcard" */ = {
			isa = XCConfigurationList;
			buildConfigurations = (
				96292B291A2C43BC0023425F /* Debug */,
				96292B2A1A2C43BC0023425F /* Release */,
			);
			defaultConfigurationIsVisible = 0;
		};
		96292B2B1A2C43BC0023425F /* Build configuration list for PBXNativeTarget "PostcardTests" */ = {
			isa = XCConfigurationList;
			buildConfigurations = (
				96292B2C1A2C43BC0023425F /* Debug */,
				96292B2D1A2C43BC0023425F /* Release */,
			);
			defaultConfigurationIsVisible = 0;
		};
/* End XCConfigurationList section */
	};
	rootObject = 96292B011A2C43BB0023425F /* Project object */;
}
